
Microsoft Visual Studio Solution File, Format Version 12.00
# Visual Studio Version 16
VisualStudioVersion = 16.0.29920.165
MinimumVisualStudioVersion = 10.0.40219.1
Project("{9A19103F-16F7-4668-BE54-9A1E7A4F7556}") = "JAMJAM02", "JAMJAM02\JAMJAM02.csproj", "{C7395FBF-C674-4886-9AC8-9C211EA9521D}"
EndProject
Project("{9A19103F-16F7-4668-BE54-9A1E7A4F7556}") = "JAMJAM02_delopgave_2", "JAMJAM02_delopgave_2\JAMJAM02_delopgave_2.csproj", "{3CA4D0C8-1630-4E67-BA42-27B4EE69E368}"
EndProject
Global
	GlobalSection(SolutionConfigurationPlatforms) = preSolution
		Debug|Any CPU = Debug|Any CPU
		Release|Any CPU = Release|Any CPU
	EndGlobalSection
	GlobalSection(ProjectConfigurationPlatforms) = postSolution
		{C7395FBF-C674-4886-9AC8-9C211EA9521D}.Debug|Any CPU.ActiveCfg = Debug|Any CPU
		{C7395FBF-C674-4886-9AC8-9C211EA9521D}.Debug|Any CPU.Build.0 = Debug|Any CPU
		{C7395FBF-C674-4886-9AC8-9C211EA9521D}.Release|Any CPU.ActiveCfg = Release|Any CPU
		{C7395FBF-C674-4886-9AC8-9C211EA9521D}.Release|Any CPU.Build.0 = Release|Any CPU
		{3CA4D0C8-1630-4E67-BA42-27B4EE69E368}.Debug|Any CPU.ActiveCfg = Debug|Any CPU
		{3CA4D0C8-1630-4E67-BA42-27B4EE69E368}.Debug|Any CPU.Build.0 = Debug|Any CPU
		{3CA4D0C8-1630-4E67-BA42-27B4EE69E368}.Release|Any CPU.ActiveCfg = Release|Any CPU
		{3CA4D0C8-1630-4E67-BA42-27B4EE69E368}.Release|Any CPU.Build.0 = Release|Any CPU
	EndGlobalSection
	GlobalSection(SolutionProperties) = preSolution
		HideSolutionNode = FALSE
	EndGlobalSection
	GlobalSection(ExtensibilityGlobals) = postSolution
		SolutionGuid = {4F54F083-5292-42C8-9E7F-F328379AEBDC}
	EndGlobalSection
EndGlobal
